
Microsoft Visual Studio Solution File, Format Version 12.00
# Visual Studio Version 16
VisualStudioVersion = 16.0.31624.102
MinimumVisualStudioVersion = 10.0.40219.1
Project("{FAE04EC0-301F-11D3-BF4B-00C04F79EFBC}") = "ManagementApp", "ManagementApp\ManagementApp.csproj", "{23CC9F14-045A-467D-9852-72C41D6A661D}"
EndProject
Global
	GlobalSection(SolutionConfigurationPlatforms) = preSolution
		Debug|Any CPU = Debug|Any CPU
		Release|Any CPU = Release|Any CPU
	EndGlobalSection
	GlobalSection(ProjectConfigurationPlatforms) = postSolution
		{23CC9F14-045A-467D-9852-72C41D6A661D}.Debug|Any CPU.ActiveCfg = Debug|Any CPU
		{23CC9F14-045A-467D-9852-72C41D6A661D}.Debug|Any CPU.Build.0 = Debug|Any CPU
		{23CC9F14-045A-467D-9852-72C41D6A661D}.Release|Any CPU.ActiveCfg = Release|Any CPU
		{23CC9F14-045A-467D-9852-72C41D6A661D}.Release|Any CPU.Build.0 = Release|Any CPU
	EndGlobalSection
	GlobalSection(SolutionProperties) = preSolution
		HideSolutionNode = FALSE
	EndGlobalSection
	GlobalSection(ExtensibilityGlobals) = postSolution
		SolutionGuid = {260725BD-D1B1-47DD-B3F7-9B29702C2174}
	EndGlobalSection
EndGlobal
